
Microsoft Visual Studio Solution File, Format Version 12.00
# Visual Studio Version 16
VisualStudioVersion = 16.0.29306.81
MinimumVisualStudioVersion = 10.0.40219.1
Project("{FAE04EC0-301F-11D3-BF4B-00C04F79EFBC}") = "TicTacToe", "..\src\TicTacToe\TicTacToe.csproj", "{917532A7-BB2F-42B2-AA4D-02AF26DE20DF}"
EndProject
Global
	GlobalSection(SolutionConfigurationPlatforms) = preSolution
		Debug|Any CPU = Debug|Any CPU
		Release|Any CPU = Release|Any CPU
	EndGlobalSection
	GlobalSection(ProjectConfigurationPlatforms) = postSolution
		{917532A7-BB2F-42B2-AA4D-02AF26DE20DF}.Debug|Any CPU.ActiveCfg = Debug|Any CPU
		{917532A7-BB2F-42B2-AA4D-02AF26DE20DF}.Debug|Any CPU.Build.0 = Debug|Any CPU
		{917532A7-BB2F-42B2-AA4D-02AF26DE20DF}.Release|Any CPU.ActiveCfg = Release|Any CPU
		{917532A7-BB2F-42B2-AA4D-02AF26DE20DF}.Release|Any CPU.Build.0 = Release|Any CPU
	EndGlobalSection
	GlobalSection(SolutionProperties) = preSolution
		HideSolutionNode = FALSE
	EndGlobalSection
	GlobalSection(ExtensibilityGlobals) = postSolution
		SolutionGuid = {EF21607C-D97B-45C3-9EB7-2116620892C8}
	EndGlobalSection
EndGlobal
